
Microsoft Visual Studio Solution File, Format Version 12.00
# Visual Studio Version 16
VisualStudioVersion = 16.0.29519.181
MinimumVisualStudioVersion = 10.0.40219.1
Project("{888888A0-9F3D-457C-B088-3A5042F75D52}") = "PythonApplication_HSV_take", "PythonApplication_HSV_take.pyproj", "{58C8BE62-28C4-4C62-B112-B86D2BEED7DD}"
EndProject
Global
	GlobalSection(SolutionConfigurationPlatforms) = preSolution
		Debug|Any CPU = Debug|Any CPU
		Release|Any CPU = Release|Any CPU
	EndGlobalSection
	GlobalSection(ProjectConfigurationPlatforms) = postSolution
		{58C8BE62-28C4-4C62-B112-B86D2BEED7DD}.Debug|Any CPU.ActiveCfg = Debug|Any CPU
		{58C8BE62-28C4-4C62-B112-B86D2BEED7DD}.Release|Any CPU.ActiveCfg = Release|Any CPU
	EndGlobalSection
	GlobalSection(SolutionProperties) = preSolution
		HideSolutionNode = FALSE
	EndGlobalSection
	GlobalSection(ExtensibilityGlobals) = postSolution
		SolutionGuid = {48C1643D-EBC6-498E-93CD-2A7813DBFFCA}
	EndGlobalSection
EndGlobal
